
Microsoft Visual Studio Solution File, Format Version 12.00
# Visual Studio 15
VisualStudioVersion = 15.0.28307.645
MinimumVisualStudioVersion = 10.0.40219.1
Project("{FAE04EC0-301F-11D3-BF4B-00C04F79EFBC}") = "CascadeExamples", "CascadeExamples\CascadeExamples.csproj", "{B1689AE7-8032-4D64-A0E1-455B8D6D9E06}"
EndProject
Global
	GlobalSection(SolutionConfigurationPlatforms) = preSolution
		Debug|Any CPU = Debug|Any CPU
		Release|Any CPU = Release|Any CPU
	EndGlobalSection
	GlobalSection(ProjectConfigurationPlatforms) = postSolution
		{B1689AE7-8032-4D64-A0E1-455B8D6D9E06}.Debug|Any CPU.ActiveCfg = Debug|Any CPU
		{B1689AE7-8032-4D64-A0E1-455B8D6D9E06}.Debug|Any CPU.Build.0 = Debug|Any CPU
		{B1689AE7-8032-4D64-A0E1-455B8D6D9E06}.Release|Any CPU.ActiveCfg = Release|Any CPU
		{B1689AE7-8032-4D64-A0E1-455B8D6D9E06}.Release|Any CPU.Build.0 = Release|Any CPU
	EndGlobalSection
	GlobalSection(SolutionProperties) = preSolution
		HideSolutionNode = FALSE
	EndGlobalSection
	GlobalSection(ExtensibilityGlobals) = postSolution
		SolutionGuid = {63AA4D35-E5E0-4059-9C92-5FDAC09862A2}
	EndGlobalSection
EndGlobal
